// !$*UTF8*$!
{
	archiveVersion = 1;
	classes = {
	};
	objectVersion = 46;
	objects = {

/* Begin PBXBuildFile section */
		5B9365272A8C401355181707 /* Pods_QDD.framework in Frameworks */ = {isa = PBXBuildFile; fileRef = 7956D7A3A4049C3FA3201977 /* Pods_QDD.framework */; };
		7018C9DE1DE684930043E2E1 /* BaseWebViewController.swift in Sources */ = {isa = PBXBuildFile; fileRef = 7018C9D71DE684930043E2E1 /* BaseWebViewController.swift */; };
		7018C9DF1DE684930043E2E1 /* BaseWebViewController.xib in Resources */ = {isa = PBXBuildFile; fileRef = 7018C9D81DE684930043E2E1 /* BaseWebViewController.xib */; };
		7018C9E01DE684930043E2E1 /* 404.html in Resources */ = {isa = PBXBuildFile; fileRef = 7018C9DA1DE684930043E2E1 /* 404.html */; };
		7018C9E11DE684930043E2E1 /* WebToolView.swift in Sources */ = {isa = PBXBuildFile; fileRef = 7018C9DB1DE684930043E2E1 /* WebToolView.swift */; };
		7018C9E21DE684930043E2E1 /* WebToolView.xib in Resources */ = {isa = PBXBuildFile; fileRef = 7018C9DC1DE684930043E2E1 /* WebToolView.xib */; };
		7018C9E31DE684930043E2E1 /* WebViewDeleClass.swift in Sources */ = {isa = PBXBuildFile; fileRef = 7018C9DD1DE684930043E2E1 /* WebViewDeleClass.swift */; };
		7018C9E71DE687210043E2E1 /* UserDefaults_Ext.swift in Sources */ = {isa = PBXBuildFile; fileRef = 7018C9E61DE687210043E2E1 /* UserDefaults_Ext.swift */; };
		7018C9E91DE6959E0043E2E1 /* UIColor_Ext.swift in Sources */ = {isa = PBXBuildFile; fileRef = 7018C9E81DE6959E0043E2E1 /* UIColor_Ext.swift */; };
		7092D1861DED21F1003C28C0 /* HttpRequest.swift in Sources */ = {isa = PBXBuildFile; fileRef = 7092D1851DED21F1003C28C0 /* HttpRequest.swift */; };
		7092D1881DED2221003C28C0 /* RequestError.swift in Sources */ = {isa = PBXBuildFile; fileRef = 7092D1871DED2221003C28C0 /* RequestError.swift */; };
		70C8616E1DE6CA5C00815E37 /* ShareSDK_Ext.swift in Sources */ = {isa = PBXBuildFile; fileRef = 70C8616D1DE6CA5C00815E37 /* ShareSDK_Ext.swift */; };
		70CED6881DE54C4000FB463A /* RemindView.swift in Sources */ = {isa = PBXBuildFile; fileRef = 70CED6871DE54C4000FB463A /* RemindView.swift */; };
		70CED68B1DE54F3200FB463A /* Notification_Ext.swift in Sources */ = {isa = PBXBuildFile; fileRef = 70CED68A1DE54F3200FB463A /* Notification_Ext.swift */; };
		70CED68F1DE56DFC00FB463A /* BaseViewController.swift in Sources */ = {isa = PBXBuildFile; fileRef = 70CED68E1DE56DFC00FB463A /* BaseViewController.swift */; };
		70CED6911DE56EF600FB463A /* BaseTabItemViewController.swift in Sources */ = {isa = PBXBuildFile; fileRef = 70CED6901DE56EF600FB463A /* BaseTabItemViewController.swift */; };
		70CED6931DE56FD900FB463A /* MainDelegate.swift in Sources */ = {isa = PBXBuildFile; fileRef = 70CED6921DE56FD900FB463A /* MainDelegate.swift */; };
		70CED6971DE571AC00FB463A /* PlatformChangeView.swift in Sources */ = {isa = PBXBuildFile; fileRef = 70CED6951DE571AC00FB463A /* PlatformChangeView.swift */; };
		70CED6981DE571AC00FB463A /* PlatformChangeView.xib in Resources */ = {isa = PBXBuildFile; fileRef = 70CED6961DE571AC00FB463A /* PlatformChangeView.xib */; };
		70CED69A1DE574E700FB463A /* String_Ext.swift in Sources */ = {isa = PBXBuildFile; fileRef = 70CED6991DE574E700FB463A /* String_Ext.swift */; };
		70CF9AF41DED8CC000E244F9 /* BaseServiceHandler.swift in Sources */ = {isa = PBXBuildFile; fileRef = 70CF9AF31DED8CC000E244F9 /* BaseServiceHandler.swift */; };
		70CF9AF61DED8D9400E244F9 /* UserService.swift in Sources */ = {isa = PBXBuildFile; fileRef = 70CF9AF51DED8D9400E244F9 /* UserService.swift */; };
		70CF9AF81DED8EB600E244F9 /* UserServiceHandlers.swift in Sources */ = {isa = PBXBuildFile; fileRef = 70CF9AF71DED8EB600E244F9 /* UserServiceHandlers.swift */; };
		70CF9AFA1DED8EDF00E244F9 /* MultiPageBaseServiceHandler.swift in Sources */ = {isa = PBXBuildFile; fileRef = 70CF9AF91DED8EDF00E244F9 /* MultiPageBaseServiceHandler.swift */; };
		70CF9AFC1DEE69A000E244F9 /* Comment.swift in Sources */ = {isa = PBXBuildFile; fileRef = 70CF9AFB1DEE69A000E244F9 /* Comment.swift */; };
		70CF9AFE1DEE6C0E00E244F9 /* Node.swift in Sources */ = {isa = PBXBuildFile; fileRef = 70CF9AFD1DEE6C0E00E244F9 /* Node.swift */; };
		70CF9B011DEE6D5900E244F9 /* Source.swift in Sources */ = {isa = PBXBuildFile; fileRef = 70CF9AFF1DEE6D5900E244F9 /* Source.swift */; };
		70CF9B021DEE6D5900E244F9 /* Topic.swift in Sources */ = {isa = PBXBuildFile; fileRef = 70CF9B001DEE6D5900E244F9 /* Topic.swift */; };
		70CF9B041DEE723600E244F9 /* AccountService.swift in Sources */ = {isa = PBXBuildFile; fileRef = 70CF9B031DEE723600E244F9 /* AccountService.swift */; };
		70CF9B061DEE724200E244F9 /* AccountServiceHandlers.swift in Sources */ = {isa = PBXBuildFile; fileRef = 70CF9B051DEE724200E244F9 /* AccountServiceHandlers.swift */; };
		70CF9B081DEE7C5100E244F9 /* MiscService.swift in Sources */ = {isa = PBXBuildFile; fileRef = 70CF9B071DEE7C5100E244F9 /* MiscService.swift */; };
		70CF9B0A1DEE7C5C00E244F9 /* MiscServiceHandlers.swift in Sources */ = {isa = PBXBuildFile; fileRef = 70CF9B091DEE7C5C00E244F9 /* MiscServiceHandlers.swift */; };
		70CF9B0C1DEE820E00E244F9 /* Banner.swift in Sources */ = {isa = PBXBuildFile; fileRef = 70CF9B0B1DEE820E00E244F9 /* Banner.swift */; };
		70D84D101DEC2028002F16C9 /* API.swift in Sources */ = {isa = PBXBuildFile; fileRef = 70D84D0F1DEC2028002F16C9 /* API.swift */; };
		70DF1A981DE52E8E009DC176 /* AppDelegate.swift in Sources */ = {isa = PBXBuildFile; fileRef = 70DF1A971DE52E8E009DC176 /* AppDelegate.swift */; };
		70DF1A9C1DE530F2009DC176 /* G.swift in Sources */ = {isa = PBXBuildFile; fileRef = 70DF1A9B1DE530F2009DC176 /* G.swift */; };
		70DF1AA01DE5320E009DC176 /* User.swift in Sources */ = {isa = PBXBuildFile; fileRef = 70DF1A9F1DE5320E009DC176 /* User.swift */; };
		70DF1AA21DE540DF009DC176 /* G_Ext.swift in Sources */ = {isa = PBXBuildFile; fileRef = 70DF1AA11DE540DF009DC176 /* G_Ext.swift */; };
		70DF1AA71DE542E5009DC176 /* NSDate_Ext.swift in Sources */ = {isa = PBXBuildFile; fileRef = 70DF1AA61DE542E5009DC176 /* NSDate_Ext.swift */; };
		70EFF01D1DE44E3D00D1179A /* UserNotifications.framework in Frameworks */ = {isa = PBXBuildFile; fileRef = 70EFF01C1DE44E3D00D1179A /* UserNotifications.framework */; settings = {ATTRIBUTES = (Weak, ); }; };
		70EFF0381DE4504000D1179A /* Assets.xcassets in Resources */ = {isa = PBXBuildFile; fileRef = 70EFF0291DE4504000D1179A /* Assets.xcassets */; };
		70EFF0401DE4510600D1179A /* LaunchScreen.storyboard in Resources */ = {isa = PBXBuildFile; fileRef = 70EFF02B1DE4504000D1179A /* LaunchScreen.storyboard */; };
		70EFF0411DE4510600D1179A /* Main.storyboard in Resources */ = {isa = PBXBuildFile; fileRef = 70EFF02D1DE4504000D1179A /* Main.storyboard */; };
		70F4FD281DE57B1A00F3D218 /* FirstViewController.swift in Sources */ = {isa = PBXBuildFile; fileRef = 70F4FD261DE57B1A00F3D218 /* FirstViewController.swift */; };
		70F4FD291DE57B1A00F3D218 /* FirstViewController.xib in Resources */ = {isa = PBXBuildFile; fileRef = 70F4FD271DE57B1A00F3D218 /* FirstViewController.xib */; };
		70F4FD2C1DE57B2B00F3D218 /* SecondViewController.swift in Sources */ = {isa = PBXBuildFile; fileRef = 70F4FD2A1DE57B2B00F3D218 /* SecondViewController.swift */; };
		70F4FD2D1DE57B2B00F3D218 /* SecondViewController.xib in Resources */ = {isa = PBXBuildFile; fileRef = 70F4FD2B1DE57B2B00F3D218 /* SecondViewController.xib */; };
		70F4FD301DE57B3800F3D218 /* ThirdViewController.swift in Sources */ = {isa = PBXBuildFile; fileRef = 70F4FD2E1DE57B3800F3D218 /* ThirdViewController.swift */; };
		70F4FD311DE57B3800F3D218 /* ThirdViewController.xib in Resources */ = {isa = PBXBuildFile; fileRef = 70F4FD2F1DE57B3800F3D218 /* ThirdViewController.xib */; };
		70F4FD341DE57B4400F3D218 /* MineViewController.swift in Sources */ = {isa = PBXBuildFile; fileRef = 70F4FD321DE57B4400F3D218 /* MineViewController.swift */; };
		70F4FD351DE57B4400F3D218 /* MineViewController.xib in Resources */ = {isa = PBXBuildFile; fileRef = 70F4FD331DE57B4400F3D218 /* MineViewController.xib */; };
/* End PBXBuildFile section */

/* Begin PBXFileReference section */
		23E471109EE22BE2B529D507 /* Pods-QDD.debug.xcconfig */ = {isa = PBXFileReference; includeInIndex = 1; lastKnownFileType = text.xcconfig; name = "Pods-QDD.debug.xcconfig"; path = "Pods/Target Support Files/Pods-QDD/Pods-QDD.debug.xcconfig"; sourceTree = "<group>"; };
		62577C228823EBDE2A8ACEAC /* Pods-QDD.appstore.xcconfig */ = {isa = PBXFileReference; includeInIndex = 1; lastKnownFileType = text.xcconfig; name = "Pods-QDD.appstore.xcconfig"; path = "Pods/Target Support Files/Pods-QDD/Pods-QDD.appstore.xcconfig"; sourceTree = "<group>"; };
		7018C9D71DE684930043E2E1 /* BaseWebViewController.swift */ = {isa = PBXFileReference; fileEncoding = 4; lastKnownFileType = sourcecode.swift; path = BaseWebViewController.swift; sourceTree = "<group>"; };
		7018C9D81DE684930043E2E1 /* BaseWebViewController.xib */ = {isa = PBXFileReference; fileEncoding = 4; lastKnownFileType = file.xib; path = BaseWebViewController.xib; sourceTree = "<group>"; };
		7018C9DA1DE684930043E2E1 /* 404.html */ = {isa = PBXFileReference; fileEncoding = 4; lastKnownFileType = text.html; path = 404.html; sourceTree = "<group>"; };
		7018C9DB1DE684930043E2E1 /* WebToolView.swift */ = {isa = PBXFileReference; fileEncoding = 4; lastKnownFileType = sourcecode.swift; path = WebToolView.swift; sourceTree = "<group>"; };
		7018C9DC1DE684930043E2E1 /* WebToolView.xib */ = {isa = PBXFileReference; fileEncoding = 4; lastKnownFileType = file.xib; path = WebToolView.xib; sourceTree = "<group>"; };
		7018C9DD1DE684930043E2E1 /* WebViewDeleClass.swift */ = {isa = PBXFileReference; fileEncoding = 4; lastKnownFileType = sourcecode.swift; path = WebViewDeleClass.swift; sourceTree = "<group>"; };
		7018C9E61DE687210043E2E1 /* UserDefaults_Ext.swift */ = {isa = PBXFileReference; fileEncoding = 4; lastKnownFileType = sourcecode.swift; path = UserDefaults_Ext.swift; sourceTree = "<group>"; };
		7018C9E81DE6959E0043E2E1 /* UIColor_Ext.swift */ = {isa = PBXFileReference; fileEncoding = 4; lastKnownFileType = sourcecode.swift; path = UIColor_Ext.swift; sourceTree = "<group>"; };
		7092D1851DED21F1003C28C0 /* HttpRequest.swift */ = {isa = PBXFileReference; fileEncoding = 4; lastKnownFileType = sourcecode.swift; path = HttpRequest.swift; sourceTree = "<group>"; };
		7092D1871DED2221003C28C0 /* RequestError.swift */ = {isa = PBXFileReference; fileEncoding = 4; lastKnownFileType = sourcecode.swift; path = RequestError.swift; sourceTree = "<group>"; };
		70C8616D1DE6CA5C00815E37 /* ShareSDK_Ext.swift */ = {isa = PBXFileReference; fileEncoding = 4; lastKnownFileType = sourcecode.swift; path = ShareSDK_Ext.swift; sourceTree = "<group>"; };
		70CED6871DE54C4000FB463A /* RemindView.swift */ = {isa = PBXFileReference; fileEncoding = 4; lastKnownFileType = sourcecode.swift; path = RemindView.swift; sourceTree = "<group>"; };
		70CED68A1DE54F3200FB463A /* Notification_Ext.swift */ = {isa = PBXFileReference; fileEncoding = 4; lastKnownFileType = sourcecode.swift; path = Notification_Ext.swift; sourceTree = "<group>"; };
		70CED68E1DE56DFC00FB463A /* BaseViewController.swift */ = {isa = PBXFileReference; fileEncoding = 4; lastKnownFileType = sourcecode.swift; path = BaseViewController.swift; sourceTree = "<group>"; };
		70CED6901DE56EF600FB463A /* BaseTabItemViewController.swift */ = {isa = PBXFileReference; fileEncoding = 4; lastKnownFileType = sourcecode.swift; path = BaseTabItemViewController.swift; sourceTree = "<group>"; };
		70CED6921DE56FD900FB463A /* MainDelegate.swift */ = {isa = PBXFileReference; fileEncoding = 4; lastKnownFileType = sourcecode.swift; path = MainDelegate.swift; sourceTree = "<group>"; };
		70CED6951DE571AC00FB463A /* PlatformChangeView.swift */ = {isa = PBXFileReference; fileEncoding = 4; lastKnownFileType = sourcecode.swift; path = PlatformChangeView.swift; sourceTree = "<group>"; };
		70CED6961DE571AC00FB463A /* PlatformChangeView.xib */ = {isa = PBXFileReference; fileEncoding = 4; lastKnownFileType = file.xib; path = PlatformChangeView.xib; sourceTree = "<group>"; };
		70CED6991DE574E700FB463A /* String_Ext.swift */ = {isa = PBXFileReference; fileEncoding = 4; lastKnownFileType = sourcecode.swift; path = String_Ext.swift; sourceTree = "<group>"; };
		70CF9AF31DED8CC000E244F9 /* BaseServiceHandler.swift */ = {isa = PBXFileReference; fileEncoding = 4; lastKnownFileType = sourcecode.swift; path = BaseServiceHandler.swift; sourceTree = "<group>"; };
		70CF9AF51DED8D9400E244F9 /* UserService.swift */ = {isa = PBXFileReference; fileEncoding = 4; lastKnownFileType = sourcecode.swift; path = UserService.swift; sourceTree = "<group>"; };
		70CF9AF71DED8EB600E244F9 /* UserServiceHandlers.swift */ = {isa = PBXFileReference; fileEncoding = 4; lastKnownFileType = sourcecode.swift; path = UserServiceHandlers.swift; sourceTree = "<group>"; };
		70CF9AF91DED8EDF00E244F9 /* MultiPageBaseServiceHandler.swift */ = {isa = PBXFileReference; fileEncoding = 4; lastKnownFileType = sourcecode.swift; path = MultiPageBaseServiceHandler.swift; sourceTree = "<group>"; };
		70CF9AFB1DEE69A000E244F9 /* Comment.swift */ = {isa = PBXFileReference; fileEncoding = 4; lastKnownFileType = sourcecode.swift; path = Comment.swift; sourceTree = "<group>"; };
		70CF9AFD1DEE6C0E00E244F9 /* Node.swift */ = {isa = PBXFileReference; fileEncoding = 4; lastKnownFileType = sourcecode.swift; path = Node.swift; sourceTree = "<group>"; };
		70CF9AFF1DEE6D5900E244F9 /* Source.swift */ = {isa = PBXFileReference; fileEncoding = 4; lastKnownFileType = sourcecode.swift; path = Source.swift; sourceTree = "<group>"; };
		70CF9B001DEE6D5900E244F9 /* Topic.swift */ = {isa = PBXFileReference; fileEncoding = 4; lastKnownFileType = sourcecode.swift; path = Topic.swift; sourceTree = "<group>"; };
		70CF9B031DEE723600E244F9 /* AccountService.swift */ = {isa = PBXFileReference; fileEncoding = 4; lastKnownFileType = sourcecode.swift; path = AccountService.swift; sourceTree = "<group>"; };
		70CF9B051DEE724200E244F9 /* AccountServiceHandlers.swift */ = {isa = PBXFileReference; fileEncoding = 4; lastKnownFileType = sourcecode.swift; path = AccountServiceHandlers.swift; sourceTree = "<group>"; };
		70CF9B071DEE7C5100E244F9 /* MiscService.swift */ = {isa = PBXFileReference; fileEncoding = 4; lastKnownFileType = sourcecode.swift; path = MiscService.swift; sourceTree = "<group>"; };
		70CF9B091DEE7C5C00E244F9 /* MiscServiceHandlers.swift */ = {isa = PBXFileReference; fileEncoding = 4; lastKnownFileType = sourcecode.swift; path = MiscServiceHandlers.swift; sourceTree = "<group>"; };
		70CF9B0B1DEE820E00E244F9 /* Banner.swift */ = {isa = PBXFileReference; fileEncoding = 4; lastKnownFileType = sourcecode.swift; path = Banner.swift; sourceTree = "<group>"; };
		70D84D0F1DEC2028002F16C9 /* API.swift */ = {isa = PBXFileReference; fileEncoding = 4; lastKnownFileType = sourcecode.swift; path = API.swift; sourceTree = "<group>"; };
		70DF1A971DE52E8E009DC176 /* AppDelegate.swift */ = {isa = PBXFileReference; fileEncoding = 4; lastKnownFileType = sourcecode.swift; path = AppDelegate.swift; sourceTree = "<group>"; };
		70DF1A9B1DE530F2009DC176 /* G.swift */ = {isa = PBXFileReference; fileEncoding = 4; lastKnownFileType = sourcecode.swift; path = G.swift; sourceTree = "<group>"; };
		70DF1A9F1DE5320E009DC176 /* User.swift */ = {isa = PBXFileReference; fileEncoding = 4; lastKnownFileType = sourcecode.swift; path = User.swift; sourceTree = "<group>"; };
		70DF1AA11DE540DF009DC176 /* G_Ext.swift */ = {isa = PBXFileReference; fileEncoding = 4; lastKnownFileType = sourcecode.swift; path = G_Ext.swift; sourceTree = "<group>"; };
		70DF1AA61DE542E5009DC176 /* NSDate_Ext.swift */ = {isa = PBXFileReference; fileEncoding = 4; lastKnownFileType = sourcecode.swift; path = NSDate_Ext.swift; sourceTree = "<group>"; };
		70EFF0071DE3018600D1179A /* QDD.app */ = {isa = PBXFileReference; explicitFileType = wrapper.application; includeInIndex = 0; path = QDD.app; sourceTree = BUILT_PRODUCTS_DIR; };
		70EFF01C1DE44E3D00D1179A /* UserNotifications.framework */ = {isa = PBXFileReference; lastKnownFileType = wrapper.framework; name = UserNotifications.framework; path = System/Library/Frameworks/UserNotifications.framework; sourceTree = SDKROOT; };
		70EFF0291DE4504000D1179A /* Assets.xcassets */ = {isa = PBXFileReference; lastKnownFileType = folder.assetcatalog; path = Assets.xcassets; sourceTree = "<group>"; };
		70EFF02C1DE4504000D1179A /* Base */ = {isa = PBXFileReference; lastKnownFileType = file.storyboard; name = Base; path = LaunchScreen.storyboard; sourceTree = "<group>"; };
		70EFF02E1DE4504000D1179A /* Base */ = {isa = PBXFileReference; lastKnownFileType = file.storyboard; name = Base; path = Main.storyboard; sourceTree = "<group>"; };
		70EFF0341DE4504000D1179A /* QDD-Bridging-Header.h */ = {isa = PBXFileReference; fileEncoding = 4; lastKnownFileType = sourcecode.c.h; path = "QDD-Bridging-Header.h"; sourceTree = "<group>"; };
		70EFF0361DE4504000D1179A /* Info.plist */ = {isa = PBXFileReference; fileEncoding = 4; lastKnownFileType = text.plist.xml; path = Info.plist; sourceTree = "<group>"; };
		70EFF0371DE4504000D1179A /* QDD.entitlements */ = {isa = PBXFileReference; fileEncoding = 4; lastKnownFileType = text.plist.entitlements; path = QDD.entitlements; sourceTree = "<group>"; };
		70F4FD261DE57B1A00F3D218 /* FirstViewController.swift */ = {isa = PBXFileReference; fileEncoding = 4; lastKnownFileType = sourcecode.swift; path = FirstViewController.swift; sourceTree = "<group>"; };
		70F4FD271DE57B1A00F3D218 /* FirstViewController.xib */ = {isa = PBXFileReference; fileEncoding = 4; lastKnownFileType = file.xib; path = FirstViewController.xib; sourceTree = "<group>"; };
		70F4FD2A1DE57B2B00F3D218 /* SecondViewController.swift */ = {isa = PBXFileReference; fileEncoding = 4; lastKnownFileType = sourcecode.swift; path = SecondViewController.swift; sourceTree = "<group>"; };
		70F4FD2B1DE57B2B00F3D218 /* SecondViewController.xib */ = {isa = PBXFileReference; fileEncoding = 4; lastKnownFileType = file.xib; path = SecondViewController.xib; sourceTree = "<group>"; };
		70F4FD2E1DE57B3800F3D218 /* ThirdViewController.swift */ = {isa = PBXFileReference; fileEncoding = 4; lastKnownFileType = sourcecode.swift; path = ThirdViewController.swift; sourceTree = "<group>"; };
		70F4FD2F1DE57B3800F3D218 /* ThirdViewController.xib */ = {isa = PBXFileReference; fileEncoding = 4; lastKnownFileType = file.xib; path = ThirdViewController.xib; sourceTree = "<group>"; };
		70F4FD321DE57B4400F3D218 /* MineViewController.swift */ = {isa = PBXFileReference; fileEncoding = 4; lastKnownFileType = sourcecode.swift; path = MineViewController.swift; sourceTree = "<group>"; };
		70F4FD331DE57B4400F3D218 /* MineViewController.xib */ = {isa = PBXFileReference; fileEncoding = 4; lastKnownFileType = file.xib; path = MineViewController.xib; sourceTree = "<group>"; };
		760814D981F67584BF9B92E3 /* Pods-QDD.release.xcconfig */ = {isa = PBXFileReference; includeInIndex = 1; lastKnownFileType = text.xcconfig; name = "Pods-QDD.release.xcconfig"; path = "Pods/Target Support Files/Pods-QDD/Pods-QDD.release.xcconfig"; sourceTree = "<group>"; };
		7956D7A3A4049C3FA3201977 /* Pods_QDD.framework */ = {isa = PBXFileReference; explicitFileType = wrapper.framework; includeInIndex = 0; path = Pods_QDD.framework; sourceTree = BUILT_PRODUCTS_DIR; };
		805602C75123C52DF7D74FA3 /* Pods-QDD.app store.xcconfig */ = {isa = PBXFileReference; includeInIndex = 1; lastKnownFileType = text.xcconfig; name = "Pods-QDD.app store.xcconfig"; path = "Pods/Target Support Files/Pods-QDD/Pods-QDD.app store.xcconfig"; sourceTree = "<group>"; };
/* End PBXFileReference section */

/* Begin PBXFrameworksBuildPhase section */
		70EFF0041DE3018600D1179A /* Frameworks */ = {
			isa = PBXFrameworksBuildPhase;
			buildActionMask = 2147483647;
			files = (
				70EFF01D1DE44E3D00D1179A /* UserNotifications.framework in Frameworks */,
				5B9365272A8C401355181707 /* Pods_QDD.framework in Frameworks */,
			);
			runOnlyForDeploymentPostprocessing = 0;
		};
/* End PBXFrameworksBuildPhase section */

/* Begin PBXGroup section */
		7018C9D61DE684930043E2E1 /* webView */ = {
			isa = PBXGroup;
			children = (
				7018C9D71DE684930043E2E1 /* BaseWebViewController.swift */,
				7018C9D81DE684930043E2E1 /* BaseWebViewController.xib */,
				7018C9D91DE684930043E2E1 /* NotFoundHtml */,
				7018C9DB1DE684930043E2E1 /* WebToolView.swift */,
				7018C9DC1DE684930043E2E1 /* WebToolView.xib */,
				7018C9DD1DE684930043E2E1 /* WebViewDeleClass.swift */,
			);
			path = webView;
			sourceTree = "<group>";
		};
		7018C9D91DE684930043E2E1 /* NotFoundHtml */ = {
			isa = PBXGroup;
			children = (
				7018C9DA1DE684930043E2E1 /* 404.html */,
			);
			path = NotFoundHtml;
			sourceTree = "<group>";
		};
		70CED6861DE54C2F00FB463A /* remindview */ = {
			isa = PBXGroup;
			children = (
				70CED6871DE54C4000FB463A /* RemindView.swift */,
			);
			path = remindview;
			sourceTree = "<group>";
		};
		70CED68C1DE56DD400FB463A /* Base */ = {
			isa = PBXGroup;
			children = (
				70CED68D1DE56DD400FB463A /* ViewController */,
			);
			path = Base;
			sourceTree = "<group>";
		};
		70CED68D1DE56DD400FB463A /* ViewController */ = {
			isa = PBXGroup;
			children = (
				70CED68E1DE56DFC00FB463A /* BaseViewController.swift */,
				70CED6901DE56EF600FB463A /* BaseTabItemViewController.swift */,
			);
			path = ViewController;
			sourceTree = "<group>";
		};
		70CED6941DE5719B00FB463A /* platformview */ = {
			isa = PBXGroup;
			children = (
				70CED6951DE571AC00FB463A /* PlatformChangeView.swift */,
				70CED6961DE571AC00FB463A /* PlatformChangeView.xib */,
			);
			path = platformview;
			sourceTree = "<group>";
		};
		70CF9AF21DED8CAD00E244F9 /* service */ = {
			isa = PBXGroup;
			children = (
				70CF9AF31DED8CC000E244F9 /* BaseServiceHandler.swift */,
				70CF9AF91DED8EDF00E244F9 /* MultiPageBaseServiceHandler.swift */,
				70CF9AF51DED8D9400E244F9 /* UserService.swift */,
				70CF9AF71DED8EB600E244F9 /* UserServiceHandlers.swift */,
				70CF9B031DEE723600E244F9 /* AccountService.swift */,
				70CF9B051DEE724200E244F9 /* AccountServiceHandlers.swift */,
				70CF9B071DEE7C5100E244F9 /* MiscService.swift */,
				70CF9B091DEE7C5C00E244F9 /* MiscServiceHandlers.swift */,
			);
			path = service;
			sourceTree = "<group>";
		};
		70D84D0E1DEC1F68002F16C9 /* http */ = {
			isa = PBXGroup;
			children = (
				70D84D0F1DEC2028002F16C9 /* API.swift */,
				7092D1851DED21F1003C28C0 /* HttpRequest.swift */,
				7092D1871DED2221003C28C0 /* RequestError.swift */,
			);
			path = http;
			sourceTree = "<group>";
		};
		70DF1A9E1DE531F3009DC176 /* Model */ = {
			isa = PBXGroup;
			children = (
				70CF9B0B1DEE820E00E244F9 /* Banner.swift */,
				70CF9AFF1DEE6D5900E244F9 /* Source.swift */,
				70CF9B001DEE6D5900E244F9 /* Topic.swift */,
				70CF9AFD1DEE6C0E00E244F9 /* Node.swift */,
				70CF9AFB1DEE69A000E244F9 /* Comment.swift */,
				70DF1A9F1DE5320E009DC176 /* User.swift */,
			);
			path = Model;
			sourceTree = "<group>";
		};
		70DF1AA41DE542D3009DC176 /* Utils */ = {
			isa = PBXGroup;
			children = (
				70CF9AF21DED8CAD00E244F9 /* service */,
				70D84D0E1DEC1F68002F16C9 /* http */,
				7018C9D61DE684930043E2E1 /* webView */,
				70CED6941DE5719B00FB463A /* platformview */,
				70CED6861DE54C2F00FB463A /* remindview */,
				70DF1AA51DE542D3009DC176 /* extension */,
			);
			path = Utils;
			sourceTree = "<group>";
		};
		70DF1AA51DE542D3009DC176 /* extension */ = {
			isa = PBXGroup;
			children = (
				70DF1AA61DE542E5009DC176 /* NSDate_Ext.swift */,
				70CED68A1DE54F3200FB463A /* Notification_Ext.swift */,
				70CED6991DE574E700FB463A /* String_Ext.swift */,
				7018C9E61DE687210043E2E1 /* UserDefaults_Ext.swift */,
				7018C9E81DE6959E0043E2E1 /* UIColor_Ext.swift */,
				70C8616D1DE6CA5C00815E37 /* ShareSDK_Ext.swift */,
			);
			path = extension;
			sourceTree = "<group>";
		};
		70EFEFFE1DE3018600D1179A = {
			isa = PBXGroup;
			children = (
				70EFF0091DE3018600D1179A /* QDD */,
				70EFF0081DE3018600D1179A /* Products */,
				E05309C4585618CDD3191234 /* Pods */,
				CF8CFBC8F273B72127B31369 /* Frameworks */,
			);
			sourceTree = "<group>";
		};
		70EFF0081DE3018600D1179A /* Products */ = {
			isa = PBXGroup;
			children = (
				70EFF0071DE3018600D1179A /* QDD.app */,
			);
			name = Products;
			sourceTree = "<group>";
		};
		70EFF0091DE3018600D1179A /* QDD */ = {
			isa = PBXGroup;
			children = (
				70F4FD211DE57A8900F3D218 /* Version1 */,
				70CED68C1DE56DD400FB463A /* Base */,
				70DF1AA41DE542D3009DC176 /* Utils */,
				70DF1A9E1DE531F3009DC176 /* Model */,
				70EFF0291DE4504000D1179A /* Assets.xcassets */,
				70EFF02A1DE4504000D1179A /* Base.lproj */,
				70EFF02F1DE4504000D1179A /* Project */,
				70EFF0351DE4504000D1179A /* Supporting Files */,
			);
			path = QDD;
			sourceTree = "<group>";
		};
		70EFF02A1DE4504000D1179A /* Base.lproj */ = {
			isa = PBXGroup;
			children = (
				70EFF02B1DE4504000D1179A /* LaunchScreen.storyboard */,
				70EFF02D1DE4504000D1179A /* Main.storyboard */,
			);
			path = Base.lproj;
			sourceTree = "<group>";
		};
		70EFF02F1DE4504000D1179A /* Project */ = {
			isa = PBXGroup;
			children = (
				70DF1A9B1DE530F2009DC176 /* G.swift */,
				70DF1AA11DE540DF009DC176 /* G_Ext.swift */,
				70CED6921DE56FD900FB463A /* MainDelegate.swift */,
				70DF1A971DE52E8E009DC176 /* AppDelegate.swift */,
				70EFF0341DE4504000D1179A /* QDD-Bridging-Header.h */,
			);
			path = Project;
			sourceTree = "<group>";
		};
		70EFF0351DE4504000D1179A /* Supporting Files */ = {
			isa = PBXGroup;
			children = (
				70EFF0361DE4504000D1179A /* Info.plist */,
				70EFF0371DE4504000D1179A /* QDD.entitlements */,
			);
			path = "Supporting Files";
			sourceTree = "<group>";
		};
		70F4FD211DE57A8900F3D218 /* Version1 */ = {
			isa = PBXGroup;
			children = (
				70F4FD221DE57AE600F3D218 /* First */,
				70F4FD241DE57AE600F3D218 /* Second */,
				70F4FD251DE57AE600F3D218 /* Third */,
				70F4FD231DE57AE600F3D218 /* Mine */,
			);
			path = Version1;
			sourceTree = "<group>";
		};
		70F4FD221DE57AE600F3D218 /* First */ = {
			isa = PBXGroup;
			children = (
				70F4FD261DE57B1A00F3D218 /* FirstViewController.swift */,
				70F4FD271DE57B1A00F3D218 /* FirstViewController.xib */,
			);
			path = First;
			sourceTree = "<group>";
		};
		70F4FD231DE57AE600F3D218 /* Mine */ = {
			isa = PBXGroup;
			children = (
				70F4FD321DE57B4400F3D218 /* MineViewController.swift */,
				70F4FD331DE57B4400F3D218 /* MineViewController.xib */,
			);
			path = Mine;
			sourceTree = "<group>";
		};
		70F4FD241DE57AE600F3D218 /* Second */ = {
			isa = PBXGroup;
			children = (
				70F4FD2A1DE57B2B00F3D218 /* SecondViewController.swift */,
				70F4FD2B1DE57B2B00F3D218 /* SecondViewController.xib */,
			);
			path = Second;
			sourceTree = "<group>";
		};
		70F4FD251DE57AE600F3D218 /* Third */ = {
			isa = PBXGroup;
			children = (
				70F4FD2E1DE57B3800F3D218 /* ThirdViewController.swift */,
				70F4FD2F1DE57B3800F3D218 /* ThirdViewController.xib */,
			);
			path = Third;
			sourceTree = "<group>";
		};
		CF8CFBC8F273B72127B31369 /* Frameworks */ = {
			isa = PBXGroup;
			children = (
				70EFF01C1DE44E3D00D1179A /* UserNotifications.framework */,
				7956D7A3A4049C3FA3201977 /* Pods_QDD.framework */,
			);
			name = Frameworks;
			sourceTree = "<group>";
		};
		E05309C4585618CDD3191234 /* Pods */ = {
			isa = PBXGroup;
			children = (
				23E471109EE22BE2B529D507 /* Pods-QDD.debug.xcconfig */,
				760814D981F67584BF9B92E3 /* Pods-QDD.release.xcconfig */,
				805602C75123C52DF7D74FA3 /* Pods-QDD.app store.xcconfig */,
				62577C228823EBDE2A8ACEAC /* Pods-QDD.appstore.xcconfig */,
			);
			name = Pods;
			sourceTree = "<group>";
		};
/* End PBXGroup section */

/* Begin PBXNativeTarget section */
		70EFF0061DE3018600D1179A /* QDD */ = {
			isa = PBXNativeTarget;
			buildConfigurationList = 70EFF0191DE3018600D1179A /* Build configuration list for PBXNativeTarget "QDD" */;
			buildPhases = (
				0BA51B584E9681DAB46F3882 /* [CP] Check Pods Manifest.lock */,
				70EFF0031DE3018600D1179A /* Sources */,
				70EFF0041DE3018600D1179A /* Frameworks */,
				70EFF0051DE3018600D1179A /* Resources */,
				36961BAA3331034CF8821B95 /* [CP] Embed Pods Frameworks */,
				22813396729D3FB5839BC9AE /* [CP] Copy Pods Resources */,
			);
			buildRules = (
			);
			dependencies = (
			);
			name = QDD;
			productName = QDD;
			productReference = 70EFF0071DE3018600D1179A /* QDD.app */;
			productType = "com.apple.product-type.application";
		};
/* End PBXNativeTarget section */

/* Begin PBXProject section */
		70EFEFFF1DE3018600D1179A /* Project object */ = {
			isa = PBXProject;
			attributes = {
				LastSwiftUpdateCheck = 0810;
				LastUpgradeCheck = 0810;
				ORGANIZATIONNAME = RHCT;
				TargetAttributes = {
					70EFF0061DE3018600D1179A = {
						CreatedOnToolsVersion = 8.1;
						DevelopmentTeam = 69P63E97NP;
						ProvisioningStyle = Automatic;
						SystemCapabilities = {
							com.apple.Push = {
								enabled = 1;
							};
						};
					};
				};
			};
			buildConfigurationList = 70EFF0021DE3018600D1179A /* Build configuration list for PBXProject "QDD" */;
			compatibilityVersion = "Xcode 3.2";
			developmentRegion = English;
			hasScannedForEncodings = 0;
			knownRegions = (
				en,
				Base,
			);
			mainGroup = 70EFEFFE1DE3018600D1179A;
			productRefGroup = 70EFF0081DE3018600D1179A /* Products */;
			projectDirPath = "";
			projectRoot = "";
			targets = (
				70EFF0061DE3018600D1179A /* QDD */,
			);
		};
/* End PBXProject section */

/* Begin PBXResourcesBuildPhase section */
		70EFF0051DE3018600D1179A /* Resources */ = {
			isa = PBXResourcesBuildPhase;
			buildActionMask = 2147483647;
			files = (
				70CED6981DE571AC00FB463A /* PlatformChangeView.xib in Resources */,
				70F4FD2D1DE57B2B00F3D218 /* SecondViewController.xib in Resources */,
				70F4FD351DE57B4400F3D218 /* MineViewController.xib in Resources */,
				7018C9E01DE684930043E2E1 /* 404.html in Resources */,
				70F4FD311DE57B3800F3D218 /* ThirdViewController.xib in Resources */,
				70F4FD291DE57B1A00F3D218 /* FirstViewController.xib in Resources */,
				7018C9DF1DE684930043E2E1 /* BaseWebViewController.xib in Resources */,
				70EFF0401DE4510600D1179A /* LaunchScreen.storyboard in Resources */,
				70EFF0411DE4510600D1179A /* Main.storyboard in Resources */,
				70EFF0381DE4504000D1179A /* Assets.xcassets in Resources */,
				7018C9E21DE684930043E2E1 /* WebToolView.xib in Resources */,
			);
			runOnlyForDeploymentPostprocessing = 0;
		};
/* End PBXResourcesBuildPhase section */

/* Begin PBXShellScriptBuildPhase section */
		0BA51B584E9681DAB46F3882 /* [CP] Check Pods Manifest.lock */ = {
			isa = PBXShellScriptBuildPhase;
			buildActionMask = 2147483647;
			files = (
			);
			inputPaths = (
			);
			name = "[CP] Check Pods Manifest.lock";
			outputPaths = (
			);
			runOnlyForDeploymentPostprocessing = 0;
			shellPath = /bin/sh;
			shellScript = "diff \"${PODS_ROOT}/../Podfile.lock\" \"${PODS_ROOT}/Manifest.lock\" > /dev/null\nif [ $? != 0 ] ; then\n    # print error to STDERR\n    echo \"error: The sandbox is not in sync with the Podfile.lock. Run 'pod install' or update your CocoaPods installation.\" >&2\n    exit 1\nfi\n";
			showEnvVarsInLog = 0;
		};
		22813396729D3FB5839BC9AE /* [CP] Copy Pods Resources */ = {
			isa = PBXShellScriptBuildPhase;
			buildActionMask = 2147483647;
			files = (
			);
			inputPaths = (
			);
			name = "[CP] Copy Pods Resources";
			outputPaths = (
			);
			runOnlyForDeploymentPostprocessing = 0;
			shellPath = /bin/sh;
			shellScript = "\"${SRCROOT}/Pods/Target Support Files/Pods-QDD/Pods-QDD-resources.sh\"\n";
			showEnvVarsInLog = 0;
		};
		36961BAA3331034CF8821B95 /* [CP] Embed Pods Frameworks */ = {
			isa = PBXShellScriptBuildPhase;
			buildActionMask = 2147483647;
			files = (
			);
			inputPaths = (
			);
			name = "[CP] Embed Pods Frameworks";
			outputPaths = (
			);
			runOnlyForDeploymentPostprocessing = 0;
			shellPath = /bin/sh;
			shellScript = "\"${SRCROOT}/Pods/Target Support Files/Pods-QDD/Pods-QDD-frameworks.sh\"\n";
			showEnvVarsInLog = 0;
		};
/* End PBXShellScriptBuildPhase section */

/* Begin PBXSourcesBuildPhase section */
		70EFF0031DE3018600D1179A /* Sources */ = {
			isa = PBXSourcesBuildPhase;
			buildActionMask = 2147483647;
			files = (
				7018C9DE1DE684930043E2E1 /* BaseWebViewController.swift in Sources */,
				70CF9AF81DED8EB600E244F9 /* UserServiceHandlers.swift in Sources */,
				70CED69A1DE574E700FB463A /* String_Ext.swift in Sources */,
				70CF9AF61DED8D9400E244F9 /* UserService.swift in Sources */,
				70C8616E1DE6CA5C00815E37 /* ShareSDK_Ext.swift in Sources */,
				70CED68B1DE54F3200FB463A /* Notification_Ext.swift in Sources */,
				70CED6971DE571AC00FB463A /* PlatformChangeView.swift in Sources */,
				7092D1861DED21F1003C28C0 /* HttpRequest.swift in Sources */,
				70CF9AFA1DED8EDF00E244F9 /* MultiPageBaseServiceHandler.swift in Sources */,
				70CF9B041DEE723600E244F9 /* AccountService.swift in Sources */,
				70F4FD2C1DE57B2B00F3D218 /* SecondViewController.swift in Sources */,
				70CF9AF41DED8CC000E244F9 /* BaseServiceHandler.swift in Sources */,
				70DF1AA01DE5320E009DC176 /* User.swift in Sources */,
				70CF9B0A1DEE7C5C00E244F9 /* MiscServiceHandlers.swift in Sources */,
				7018C9E31DE684930043E2E1 /* WebViewDeleClass.swift in Sources */,
				70CF9B021DEE6D5900E244F9 /* Topic.swift in Sources */,
				70CED6911DE56EF600FB463A /* BaseTabItemViewController.swift in Sources */,
				70DF1A9C1DE530F2009DC176 /* G.swift in Sources */,
				7092D1881DED2221003C28C0 /* RequestError.swift in Sources */,
				7018C9E71DE687210043E2E1 /* UserDefaults_Ext.swift in Sources */,
				70DF1AA21DE540DF009DC176 /* G_Ext.swift in Sources */,
				70CED68F1DE56DFC00FB463A /* BaseViewController.swift in Sources */,
				70CED6881DE54C4000FB463A /* RemindView.swift in Sources */,
				70DF1AA71DE542E5009DC176 /* NSDate_Ext.swift in Sources */,
				70D84D101DEC2028002F16C9 /* API.swift in Sources */,
				70F4FD341DE57B4400F3D218 /* MineViewController.swift in Sources */,
				70CED6931DE56FD900FB463A /* MainDelegate.swift in Sources */,
				70CF9B011DEE6D5900E244F9 /* Source.swift in Sources */,
				70CF9AFE1DEE6C0E00E244F9 /* Node.swift in Sources */,
				70DF1A981DE52E8E009DC176 /* AppDelegate.swift in Sources */,
				70CF9B061DEE724200E244F9 /* AccountServiceHandlers.swift in Sources */,
				70CF9B0C1DEE820E00E244F9 /* Banner.swift in Sources */,
				70CF9AFC1DEE69A000E244F9 /* Comment.swift in Sources */,
				70F4FD301DE57B3800F3D218 /* ThirdViewController.swift in Sources */,
				70F4FD281DE57B1A00F3D218 /* FirstViewController.swift in Sources */,
				70CF9B081DEE7C5100E244F9 /* MiscService.swift in Sources */,
				7018C9E11DE684930043E2E1 /* WebToolView.swift in Sources */,
				7018C9E91DE6959E0043E2E1 /* UIColor_Ext.swift in Sources */,
			);
			runOnlyForDeploymentPostprocessing = 0;
		};
/* End PBXSourcesBuildPhase section */

/* Begin PBXVariantGroup section */
		70EFF02B1DE4504000D1179A /* LaunchScreen.storyboard */ = {
			isa = PBXVariantGroup;
			children = (
				70EFF02C1DE4504000D1179A /* Base */,
			);
			name = LaunchScreen.storyboard;
			sourceTree = "<group>";
		};
		70EFF02D1DE4504000D1179A /* Main.storyboard */ = {
			isa = PBXVariantGroup;
			children = (
				70EFF02E1DE4504000D1179A /* Base */,
			);
			name = Main.storyboard;
			sourceTree = "<group>";
		};
/* End PBXVariantGroup section */

/* Begin XCBuildConfiguration section */
		70EFF0171DE3018600D1179A /* Debug */ = {
			isa = XCBuildConfiguration;
			buildSettings = {
				ALWAYS_SEARCH_USER_PATHS = NO;
				CLANG_ANALYZER_NONNULL = YES;
				CLANG_CXX_LANGUAGE_STANDARD = "gnu++0x";
				CLANG_CXX_LIBRARY = "libc++";
				CLANG_ENABLE_MODULES = YES;
				CLANG_ENABLE_OBJC_ARC = YES;
				CLANG_WARN_BOOL_CONVERSION = YES;
				CLANG_WARN_CONSTANT_CONVERSION = YES;
				CLANG_WARN_DIRECT_OBJC_ISA_USAGE = YES_ERROR;
				CLANG_WARN_DOCUMENTATION_COMMENTS = YES;
				CLANG_WARN_EMPTY_BODY = YES;
				CLANG_WARN_ENUM_CONVERSION = YES;
				CLANG_WARN_INFINITE_RECURSION = YES;
				CLANG_WARN_INT_CONVERSION = YES;
				CLANG_WARN_OBJC_ROOT_CLASS = YES_ERROR;
				CLANG_WARN_SUSPICIOUS_MOVES = YES;
				CLANG_WARN_UNREACHABLE_CODE = YES;
				CLANG_WARN__DUPLICATE_METHOD_MATCH = YES;
				"CODE_SIGN_IDENTITY[sdk=iphoneos*]" = "iPhone Developer";
				COPY_PHASE_STRIP = NO;
				DEBUG_INFORMATION_FORMAT = dwarf;
				ENABLE_STRICT_OBJC_MSGSEND = YES;
				ENABLE_TESTABILITY = YES;
				GCC_C_LANGUAGE_STANDARD = gnu99;
				GCC_DYNAMIC_NO_PIC = NO;
				GCC_NO_COMMON_BLOCKS = YES;
				GCC_OPTIMIZATION_LEVEL = 0;
				GCC_PREPROCESSOR_DEFINITIONS = (
					"DEBUG=1",
					"$(inherited)",
				);
				GCC_WARN_64_TO_32_BIT_CONVERSION = YES;
				GCC_WARN_ABOUT_RETURN_TYPE = YES_ERROR;
				GCC_WARN_UNDECLARED_SELECTOR = YES;
				GCC_WARN_UNINITIALIZED_AUTOS = YES_AGGRESSIVE;
				GCC_WARN_UNUSED_FUNCTION = YES;
				GCC_WARN_UNUSED_VARIABLE = YES;
				IPHONEOS_DEPLOYMENT_TARGET = 8.0;
				MTL_ENABLE_DEBUG_INFO = YES;
				ONLY_ACTIVE_ARCH = YES;
				SDKROOT = iphoneos;
				SWIFT_ACTIVE_COMPILATION_CONDITIONS = DEBUG;
				SWIFT_OPTIMIZATION_LEVEL = "-Onone";
			};
			name = Debug;
		};
		70EFF0181DE3018600D1179A /* Release */ = {
			isa = XCBuildConfiguration;
			buildSettings = {
				ALWAYS_SEARCH_USER_PATHS = NO;
				CLANG_ANALYZER_NONNULL = YES;
				CLANG_CXX_LANGUAGE_STANDARD = "gnu++0x";
				CLANG_CXX_LIBRARY = "libc++";
				CLANG_ENABLE_MODULES = YES;
				CLANG_ENABLE_OBJC_ARC = YES;
				CLANG_WARN_BOOL_CONVERSION = YES;
				CLANG_WARN_CONSTANT_CONVERSION = YES;
				CLANG_WARN_DIRECT_OBJC_ISA_USAGE = YES_ERROR;
				CLANG_WARN_DOCUMENTATION_COMMENTS = YES;
				CLANG_WARN_EMPTY_BODY = YES;
				CLANG_WARN_ENUM_CONVERSION = YES;
				CLANG_WARN_INFINITE_RECURSION = YES;
				CLANG_WARN_INT_CONVERSION = YES;
				CLANG_WARN_OBJC_ROOT_CLASS = YES_ERROR;
				CLANG_WARN_SUSPICIOUS_MOVES = YES;
				CLANG_WARN_UNREACHABLE_CODE = YES;
				CLANG_WARN__DUPLICATE_METHOD_MATCH = YES;
				"CODE_SIGN_IDENTITY[sdk=iphoneos*]" = "iPhone Developer";
				COPY_PHASE_STRIP = NO;
				DEBUG_INFORMATION_FORMAT = "dwarf-with-dsym";
				ENABLE_NS_ASSERTIONS = NO;
				ENABLE_STRICT_OBJC_MSGSEND = YES;
				GCC_C_LANGUAGE_STANDARD = gnu99;
				GCC_NO_COMMON_BLOCKS = YES;
				GCC_WARN_64_TO_32_BIT_CONVERSION = YES;
				GCC_WARN_ABOUT_RETURN_TYPE = YES_ERROR;
				GCC_WARN_UNDECLARED_SELECTOR = YES;
				GCC_WARN_UNINITIALIZED_AUTOS = YES_AGGRESSIVE;
				GCC_WARN_UNUSED_FUNCTION = YES;
				GCC_WARN_UNUSED_VARIABLE = YES;
				IPHONEOS_DEPLOYMENT_TARGET = 8.0;
				MTL_ENABLE_DEBUG_INFO = NO;
				SDKROOT = iphoneos;
				SWIFT_OPTIMIZATION_LEVEL = "-Owholemodule";
				VALIDATE_PRODUCT = YES;
			};
			name = Release;
		};
		70EFF01A1DE3018600D1179A /* Debug */ = {
			isa = XCBuildConfiguration;
			baseConfigurationReference = 23E471109EE22BE2B529D507 /* Pods-QDD.debug.xcconfig */;
			buildSettings = {
				ASSETCATALOG_COMPILER_APPICON_NAME = AppIcon;
				CODE_SIGN_ENTITLEMENTS = "QDD/Supporting Files/QDD.entitlements";
				CODE_SIGN_IDENTITY = "iPhone Developer";
				DEVELOPMENT_TEAM = 69P63E97NP;
				ENABLE_BITCODE = NO;
				INFOPLIST_FILE = "QDD/Supporting Files/Info.plist";
				IPHONEOS_DEPLOYMENT_TARGET = 8.0;
				LD_RUNPATH_SEARCH_PATHS = "$(inherited) @executable_path/Frameworks";
				OTHER_SWIFT_FLAGS = "$(inherited) -D DEBUG";
				PRODUCT_BUNDLE_IDENTIFIER = com.hothuati.QDD;
				PRODUCT_NAME = "$(TARGET_NAME)";
				SWIFT_OBJC_BRIDGING_HEADER = "QDD/Project/QDD-Bridging-Header.h";
				SWIFT_VERSION = 3.0.1;
			};
			name = Debug;
		};
		70EFF01B1DE3018600D1179A /* Release */ = {
			isa = XCBuildConfiguration;
			baseConfigurationReference = 760814D981F67584BF9B92E3 /* Pods-QDD.release.xcconfig */;
			buildSettings = {
				ASSETCATALOG_COMPILER_APPICON_NAME = AppIcon;
				CODE_SIGN_ENTITLEMENTS = "QDD/Supporting Files/QDD.entitlements";
				CODE_SIGN_IDENTITY = "iPhone Developer";
				DEVELOPMENT_TEAM = 69P63E97NP;
				ENABLE_BITCODE = NO;
				INFOPLIST_FILE = "QDD/Supporting Files/Info.plist";
				IPHONEOS_DEPLOYMENT_TARGET = 8.0;
				LD_RUNPATH_SEARCH_PATHS = "$(inherited) @executable_path/Frameworks";
				OTHER_SWIFT_FLAGS = "$(inherited) -D RELEASE";
				PRODUCT_BUNDLE_IDENTIFIER = com.hothuati.QDD;
				PRODUCT_NAME = "$(TARGET_NAME)";
				SWIFT_OBJC_BRIDGING_HEADER = "QDD/Project/QDD-Bridging-Header.h";
				SWIFT_VERSION = 3.0.1;
			};
			name = Release;
		};
		70EFF0951DE4518500D1179A /* AppStore */ = {
			isa = XCBuildConfiguration;
			buildSettings = {
				ALWAYS_SEARCH_USER_PATHS = NO;
				CLANG_ANALYZER_NONNULL = YES;
				CLANG_CXX_LANGUAGE_STANDARD = "gnu++0x";
				CLANG_CXX_LIBRARY = "libc++";
				CLANG_ENABLE_MODULES = YES;
				CLANG_ENABLE_OBJC_ARC = YES;
				CLANG_WARN_BOOL_CONVERSION = YES;
				CLANG_WARN_CONSTANT_CONVERSION = YES;
				CLANG_WARN_DIRECT_OBJC_ISA_USAGE = YES_ERROR;
				CLANG_WARN_DOCUMENTATION_COMMENTS = YES;
				CLANG_WARN_EMPTY_BODY = YES;
				CLANG_WARN_ENUM_CONVERSION = YES;
				CLANG_WARN_INFINITE_RECURSION = YES;
				CLANG_WARN_INT_CONVERSION = YES;
				CLANG_WARN_OBJC_ROOT_CLASS = YES_ERROR;
				CLANG_WARN_SUSPICIOUS_MOVES = YES;
				CLANG_WARN_UNREACHABLE_CODE = YES;
				CLANG_WARN__DUPLICATE_METHOD_MATCH = YES;
				"CODE_SIGN_IDENTITY[sdk=iphoneos*]" = "iPhone Developer";
				COPY_PHASE_STRIP = NO;
				DEBUG_INFORMATION_FORMAT = "dwarf-with-dsym";
				ENABLE_NS_ASSERTIONS = NO;
				ENABLE_STRICT_OBJC_MSGSEND = YES;
				GCC_C_LANGUAGE_STANDARD = gnu99;
				GCC_NO_COMMON_BLOCKS = YES;
				GCC_WARN_64_TO_32_BIT_CONVERSION = YES;
				GCC_WARN_ABOUT_RETURN_TYPE = YES_ERROR;
				GCC_WARN_UNDECLARED_SELECTOR = YES;
				GCC_WARN_UNINITIALIZED_AUTOS = YES_AGGRESSIVE;
				GCC_WARN_UNUSED_FUNCTION = YES;
				GCC_WARN_UNUSED_VARIABLE = YES;
				IPHONEOS_DEPLOYMENT_TARGET = 8.0;
				MTL_ENABLE_DEBUG_INFO = NO;
				SDKROOT = iphoneos;
				SWIFT_OPTIMIZATION_LEVEL = "-Owholemodule";
				VALIDATE_PRODUCT = YES;
			};
			name = AppStore;
		};
		70EFF0961DE4518500D1179A /* AppStore */ = {
			isa = XCBuildConfiguration;
			baseConfigurationReference = 62577C228823EBDE2A8ACEAC /* Pods-QDD.appstore.xcconfig */;
			buildSettings = {
				ASSETCATALOG_COMPILER_APPICON_NAME = AppIcon;
				CODE_SIGN_ENTITLEMENTS = "QDD/Supporting Files/QDD.entitlements";
				CODE_SIGN_IDENTITY = "iPhone Developer";
				DEVELOPMENT_TEAM = 69P63E97NP;
				ENABLE_BITCODE = NO;
				INFOPLIST_FILE = "QDD/Supporting Files/Info.plist";
				IPHONEOS_DEPLOYMENT_TARGET = 8.0;
				LD_RUNPATH_SEARCH_PATHS = "$(inherited) @executable_path/Frameworks";
				OTHER_SWIFT_FLAGS = "$(inherited) -D APPSTORE";
				PRODUCT_BUNDLE_IDENTIFIER = com.hothuati.QDD;
				PRODUCT_NAME = "$(TARGET_NAME)";
				SWIFT_OBJC_BRIDGING_HEADER = "QDD/Project/QDD-Bridging-Header.h";
				SWIFT_VERSION = 3.0.1;
			};
			name = AppStore;
		};
/* End XCBuildConfiguration section */

/* Begin XCConfigurationList section */
		70EFF0021DE3018600D1179A /* Build configuration list for PBXProject "QDD" */ = {
			isa = XCConfigurationList;
			buildConfigurations = (
				70EFF0171DE3018600D1179A /* Debug */,
				70EFF0181DE3018600D1179A /* Release */,
				70EFF0951DE4518500D1179A /* AppStore */,
			);
			defaultConfigurationIsVisible = 0;
			defaultConfigurationName = Release;
		};
		70EFF0191DE3018600D1179A /* Build configuration list for PBXNativeTarget "QDD" */ = {
			isa = XCConfigurationList;
			buildConfigurations = (
				70EFF01A1DE3018600D1179A /* Debug */,
				70EFF01B1DE3018600D1179A /* Release */,
				70EFF0961DE4518500D1179A /* AppStore */,
			);
			defaultConfigurationIsVisible = 0;
			defaultConfigurationName = Release;
		};
/* End XCConfigurationList section */
	};
	rootObject = 70EFEFFF1DE3018600D1179A /* Project object */;
}
